
Microsoft Visual Studio Solution File, Format Version 12.00
# Visual Studio Version 16
VisualStudioVersion = 16.0.30621.155
MinimumVisualStudioVersion = 10.0.40219.1
Project("{FAE04EC0-301F-11D3-BF4B-00C04F79EFBC}") = "holamundo", "holamundo.csproj", "{9606946E-D170-43CF-A8CF-F3B6C8AA98CE}"
EndProject
Global
	GlobalSection(SolutionConfigurationPlatforms) = preSolution
		Debug|Any CPU = Debug|Any CPU
		Release|Any CPU = Release|Any CPU
	EndGlobalSection
	GlobalSection(ProjectConfigurationPlatforms) = postSolution
		{9606946E-D170-43CF-A8CF-F3B6C8AA98CE}.Debug|Any CPU.ActiveCfg = Debug|Any CPU
		{9606946E-D170-43CF-A8CF-F3B6C8AA98CE}.Debug|Any CPU.Build.0 = Debug|Any CPU
		{9606946E-D170-43CF-A8CF-F3B6C8AA98CE}.Release|Any CPU.ActiveCfg = Release|Any CPU
		{9606946E-D170-43CF-A8CF-F3B6C8AA98CE}.Release|Any CPU.Build.0 = Release|Any CPU
	EndGlobalSection
	GlobalSection(SolutionProperties) = preSolution
		HideSolutionNode = FALSE
	EndGlobalSection
	GlobalSection(ExtensibilityGlobals) = postSolution
		SolutionGuid = {C1704722-7A0E-4166-8CBD-35F1F4E74274}
	EndGlobalSection
EndGlobal
