
Microsoft Visual Studio Solution File, Format Version 12.00
# Visual Studio Version 16
VisualStudioVersion = 16.0.30621.155
MinimumVisualStudioVersion = 10.0.40219.1
Project("{FAE04EC0-301F-11D3-BF4B-00C04F79EFBC}") = "traductorWin", "traductorWin.csproj", "{D5822B72-9BC2-4BEB-8F33-2CFD3D9078FE}"
EndProject
Global
	GlobalSection(SolutionConfigurationPlatforms) = preSolution
		Debug|Any CPU = Debug|Any CPU
		Release|Any CPU = Release|Any CPU
	EndGlobalSection
	GlobalSection(ProjectConfigurationPlatforms) = postSolution
		{D5822B72-9BC2-4BEB-8F33-2CFD3D9078FE}.Debug|Any CPU.ActiveCfg = Debug|Any CPU
		{D5822B72-9BC2-4BEB-8F33-2CFD3D9078FE}.Debug|Any CPU.Build.0 = Debug|Any CPU
		{D5822B72-9BC2-4BEB-8F33-2CFD3D9078FE}.Release|Any CPU.ActiveCfg = Release|Any CPU
		{D5822B72-9BC2-4BEB-8F33-2CFD3D9078FE}.Release|Any CPU.Build.0 = Release|Any CPU
	EndGlobalSection
	GlobalSection(SolutionProperties) = preSolution
		HideSolutionNode = FALSE
	EndGlobalSection
	GlobalSection(ExtensibilityGlobals) = postSolution
		SolutionGuid = {8D9E787C-DEF9-4932-9324-FAF86E46D912}
	EndGlobalSection
EndGlobal
