
Microsoft Visual Studio Solution File, Format Version 12.00
# Visual Studio Version 16
VisualStudioVersion = 16.0.30621.155
MinimumVisualStudioVersion = 10.0.40219.1
Project("{FAE04EC0-301F-11D3-BF4B-00C04F79EFBC}") = "rectangulo", "rectangulo.csproj", "{73857A10-6A0C-425A-9AE8-935DF68BBF88}"
EndProject
Global
	GlobalSection(SolutionConfigurationPlatforms) = preSolution
		Debug|Any CPU = Debug|Any CPU
		Release|Any CPU = Release|Any CPU
	EndGlobalSection
	GlobalSection(ProjectConfigurationPlatforms) = postSolution
		{73857A10-6A0C-425A-9AE8-935DF68BBF88}.Debug|Any CPU.ActiveCfg = Debug|Any CPU
		{73857A10-6A0C-425A-9AE8-935DF68BBF88}.Debug|Any CPU.Build.0 = Debug|Any CPU
		{73857A10-6A0C-425A-9AE8-935DF68BBF88}.Release|Any CPU.ActiveCfg = Release|Any CPU
		{73857A10-6A0C-425A-9AE8-935DF68BBF88}.Release|Any CPU.Build.0 = Release|Any CPU
	EndGlobalSection
	GlobalSection(SolutionProperties) = preSolution
		HideSolutionNode = FALSE
	EndGlobalSection
	GlobalSection(ExtensibilityGlobals) = postSolution
		SolutionGuid = {2092A074-98FB-451E-89A5-1A8F7487925C}
	EndGlobalSection
EndGlobal
