
Microsoft Visual Studio Solution File, Format Version 12.00
# Visual Studio Version 16
VisualStudioVersion = 16.0.30621.155
MinimumVisualStudioVersion = 10.0.40219.1
Project("{FAE04EC0-301F-11D3-BF4B-00C04F79EFBC}") = "login-base-de-datos", "login-base-de-datos.csproj", "{148D4A24-4B69-4710-A3E5-04FAB145F69A}"
EndProject
Global
	GlobalSection(SolutionConfigurationPlatforms) = preSolution
		Debug|Any CPU = Debug|Any CPU
		Release|Any CPU = Release|Any CPU
	EndGlobalSection
	GlobalSection(ProjectConfigurationPlatforms) = postSolution
		{148D4A24-4B69-4710-A3E5-04FAB145F69A}.Debug|Any CPU.ActiveCfg = Debug|Any CPU
		{148D4A24-4B69-4710-A3E5-04FAB145F69A}.Debug|Any CPU.Build.0 = Debug|Any CPU
		{148D4A24-4B69-4710-A3E5-04FAB145F69A}.Release|Any CPU.ActiveCfg = Release|Any CPU
		{148D4A24-4B69-4710-A3E5-04FAB145F69A}.Release|Any CPU.Build.0 = Release|Any CPU
	EndGlobalSection
	GlobalSection(SolutionProperties) = preSolution
		HideSolutionNode = FALSE
	EndGlobalSection
	GlobalSection(ExtensibilityGlobals) = postSolution
		SolutionGuid = {6A276539-B5F6-48C3-BD4A-993BD6047124}
	EndGlobalSection
EndGlobal
