
Microsoft Visual Studio Solution File, Format Version 12.00
# Visual Studio Version 16
VisualStudioVersion = 16.0.30621.155
MinimumVisualStudioVersion = 10.0.40219.1
Project("{FAE04EC0-301F-11D3-BF4B-00C04F79EFBC}") = "ejercicios-if-01", "ejercicios-if-01.csproj", "{932654FB-54E1-4C72-A823-959E31B21036}"
EndProject
Global
	GlobalSection(SolutionConfigurationPlatforms) = preSolution
		Debug|Any CPU = Debug|Any CPU
		Release|Any CPU = Release|Any CPU
	EndGlobalSection
	GlobalSection(ProjectConfigurationPlatforms) = postSolution
		{932654FB-54E1-4C72-A823-959E31B21036}.Debug|Any CPU.ActiveCfg = Debug|Any CPU
		{932654FB-54E1-4C72-A823-959E31B21036}.Debug|Any CPU.Build.0 = Debug|Any CPU
		{932654FB-54E1-4C72-A823-959E31B21036}.Release|Any CPU.ActiveCfg = Release|Any CPU
		{932654FB-54E1-4C72-A823-959E31B21036}.Release|Any CPU.Build.0 = Release|Any CPU
	EndGlobalSection
	GlobalSection(SolutionProperties) = preSolution
		HideSolutionNode = FALSE
	EndGlobalSection
	GlobalSection(ExtensibilityGlobals) = postSolution
		SolutionGuid = {54C37116-514E-4387-8BE7-8C9F8EA8E53A}
	EndGlobalSection
EndGlobal
